{
  "name": "work",
  "version": "1.0.0",
  "lockfileVersion": 3,
  "requires": true,
  "packages": {
    "": {
      "name": "work",
      "version": "1.0.0",
      "license": "ISC",
      "dependencies": {
        "@fontsource/heebo": "^5.3.0",
        "@fontsource/rubik": "^5.3.0",
        "flag-icons": "^7.5.0",
        "svg-country-flags": "^1.2.10"
      }
    },
    "node_modules/@fontsource/heebo": {
      "version": "5.3.0",
      "resolved": "https://registry.npmjs.org/@fontsource/heebo/-/heebo-5.3.0.tgz",
      "integrity": "sha512-Z01U2fWWrfJnSE6SmDYtZJ1uCnKs8V3WSdip/lVDfKnsC1ASumb7IZmOrXjaYK+PVm7qGD3+4cwTAFOxG5uMaw==",
      "license": "OFL-1.1",
      "funding": {
        "url": "https://github.com/sponsors/ayuhito"
      }
    },
    "node_modules/@fontsource/rubik": {
      "version": "5.3.0",
      "resolved": "https://registry.npmjs.org/@fontsource/rubik/-/rubik-5.3.0.tgz",
      "integrity": "sha512-Nks2mn7vlE1jZVHuVgoKU2Ejqjvd+GJzLRdraCjo1xc79oo7O6vJ8pcvSfmKPGX3/Ln7nt09XWFzPeu2jWf0xQ==",
      "license": "OFL-1.1",
      "funding": {
        "url": "https://github.com/sponsors/ayuhito"
      }
    },
    "node_modules/flag-icons": {
      "version": "7.5.0",
      "resolved": "https://registry.npmjs.org/flag-icons/-/flag-icons-7.5.0.tgz",
      "integrity": "sha512-kd+MNXviFIg5hijH766tt+3x76ele1AXlo4zDdCxIvqWZhKt4T83bOtxUOOMlTx/EcFdUMH5yvQgYlFh1EqqFg==",
      "license": "MIT"
    },
    "node_modules/svg-country-flags": {
      "version": "1.2.10",
      "resolved": "https://registry.npmjs.org/svg-country-flags/-/svg-country-flags-1.2.10.tgz",
      "integrity": "sha512-xrqwo0TYf/h2cfPvGpjdSuSguUbri4vNNizBnwzoZnX0xGo3O5nGJMlbYEp7NOYcnPGBm6LE2axqDWSB847bLw==",
      "license": "PD"
    }
  }
}
